
Microsoft Visual Studio Solution File, Format Version 12.00
# Visual Studio Version 16
VisualStudioVersion = 16.0.31229.75
MinimumVisualStudioVersion = 10.0.40219.1
Project("{FAE04EC0-301F-11D3-BF4B-00C04F79EFBC}") = "MapleCore", "MapleCore\MapleCore.csproj", "{8B893083-4BF2-4A29-A0B2-59C2171EA8BB}"
EndProject
Project("{FAE04EC0-301F-11D3-BF4B-00C04F79EFBC}") = "MapleBC", "MapleBC\MapleBC.csproj", "{9A8A080D-C410-4CFD-BEEE-8C63E579B710}"
EndProject
Project("{FAE04EC0-301F-11D3-BF4B-00C04F79EFBC}") = "MapleData", "MapleData\MapleData.csproj", "{2ADCE84D-BB1C-487C-99E3-CA9705553DAC}"
EndProject
Project("{FAE04EC0-301F-11D3-BF4B-00C04F79EFBC}") = "MapleDTO", "MapleDTO\MapleDTO.csproj", "{07DBBF87-84FE-47CE-93D3-AE29099D7884}"
EndProject
Project("{FAE04EC0-301F-11D3-BF4B-00C04F79EFBC}") = "MapleWebApi", "MapleWebApi\MapleWebApi.csproj", "{922E8655-E75C-4065-AFBF-9B77D7E2E9A9}"
EndProject
Global
	GlobalSection(SolutionConfigurationPlatforms) = preSolution
		Debug|Any CPU = Debug|Any CPU
		Release|Any CPU = Release|Any CPU
	EndGlobalSection
	GlobalSection(ProjectConfigurationPlatforms) = postSolution
		{8B893083-4BF2-4A29-A0B2-59C2171EA8BB}.Debug|Any CPU.ActiveCfg = Debug|Any CPU
		{8B893083-4BF2-4A29-A0B2-59C2171EA8BB}.Debug|Any CPU.Build.0 = Debug|Any CPU
		{8B893083-4BF2-4A29-A0B2-59C2171EA8BB}.Release|Any CPU.ActiveCfg = Release|Any CPU
		{8B893083-4BF2-4A29-A0B2-59C2171EA8BB}.Release|Any CPU.Build.0 = Release|Any CPU
		{9A8A080D-C410-4CFD-BEEE-8C63E579B710}.Debug|Any CPU.ActiveCfg = Debug|Any CPU
		{9A8A080D-C410-4CFD-BEEE-8C63E579B710}.Debug|Any CPU.Build.0 = Debug|Any CPU
		{9A8A080D-C410-4CFD-BEEE-8C63E579B710}.Release|Any CPU.ActiveCfg = Release|Any CPU
		{9A8A080D-C410-4CFD-BEEE-8C63E579B710}.Release|Any CPU.Build.0 = Release|Any CPU
		{2ADCE84D-BB1C-487C-99E3-CA9705553DAC}.Debug|Any CPU.ActiveCfg = Debug|Any CPU
		{2ADCE84D-BB1C-487C-99E3-CA9705553DAC}.Debug|Any CPU.Build.0 = Debug|Any CPU
		{2ADCE84D-BB1C-487C-99E3-CA9705553DAC}.Release|Any CPU.ActiveCfg = Release|Any CPU
		{2ADCE84D-BB1C-487C-99E3-CA9705553DAC}.Release|Any CPU.Build.0 = Release|Any CPU
		{07DBBF87-84FE-47CE-93D3-AE29099D7884}.Debug|Any CPU.ActiveCfg = Debug|Any CPU
		{07DBBF87-84FE-47CE-93D3-AE29099D7884}.Debug|Any CPU.Build.0 = Debug|Any CPU
		{07DBBF87-84FE-47CE-93D3-AE29099D7884}.Release|Any CPU.ActiveCfg = Release|Any CPU
		{07DBBF87-84FE-47CE-93D3-AE29099D7884}.Release|Any CPU.Build.0 = Release|Any CPU
		{922E8655-E75C-4065-AFBF-9B77D7E2E9A9}.Debug|Any CPU.ActiveCfg = Debug|Any CPU
		{922E8655-E75C-4065-AFBF-9B77D7E2E9A9}.Debug|Any CPU.Build.0 = Debug|Any CPU
		{922E8655-E75C-4065-AFBF-9B77D7E2E9A9}.Release|Any CPU.ActiveCfg = Release|Any CPU
		{922E8655-E75C-4065-AFBF-9B77D7E2E9A9}.Release|Any CPU.Build.0 = Release|Any CPU
	EndGlobalSection
	GlobalSection(SolutionProperties) = preSolution
		HideSolutionNode = FALSE
	EndGlobalSection
	GlobalSection(ExtensibilityGlobals) = postSolution
		SolutionGuid = {0F8A10F7-D398-4121-AB14-DB64259278B3}
	EndGlobalSection
EndGlobal
